
Microsoft Visual Studio Solution File, Format Version 12.00
# Visual Studio Version 16
VisualStudioVersion = 16.0.810.19
MinimumVisualStudioVersion = 10.0.40219.1
Project("{FAE04EC0-301F-11D3-BF4B-00C04F79EFBC}") = "DexLK.API.Gateway", "DexLK.API.Gateway\DexLK.API.Gateway.csproj", "{E09F9BE4-1394-452F-9ABC-0A7A020EF660}"
EndProject
Project("{FAE04EC0-301F-11D3-BF4B-00C04F79EFBC}") = "DexLK.Product", "DexLK.Product\DexLK.Product.csproj", "{38B50CA9-2A87-43BB-9935-F6E07F1173CE}"
EndProject
Project("{FAE04EC0-301F-11D3-BF4B-00C04F79EFBC}") = "DexLK.Authentication", "DexLK.Authentication\DexLK.Authentication.csproj", "{A76AA919-1846-48D7-A4A3-91FEE497A7EF}"
EndProject
Global
	GlobalSection(SolutionConfigurationPlatforms) = preSolution
		Debug|Any CPU = Debug|Any CPU
		Release|Any CPU = Release|Any CPU
	EndGlobalSection
	GlobalSection(ProjectConfigurationPlatforms) = postSolution
		{E09F9BE4-1394-452F-9ABC-0A7A020EF660}.Debug|Any CPU.ActiveCfg = Debug|Any CPU
		{E09F9BE4-1394-452F-9ABC-0A7A020EF660}.Debug|Any CPU.Build.0 = Debug|Any CPU
		{E09F9BE4-1394-452F-9ABC-0A7A020EF660}.Release|Any CPU.ActiveCfg = Release|Any CPU
		{E09F9BE4-1394-452F-9ABC-0A7A020EF660}.Release|Any CPU.Build.0 = Release|Any CPU
		{7414D627-FB8E-446B-BBA6-740A5C35F8CF}.Debug|Any CPU.ActiveCfg = Debug|Any CPU
		{7414D627-FB8E-446B-BBA6-740A5C35F8CF}.Debug|Any CPU.Build.0 = Debug|Any CPU
		{7414D627-FB8E-446B-BBA6-740A5C35F8CF}.Release|Any CPU.ActiveCfg = Release|Any CPU
		{7414D627-FB8E-446B-BBA6-740A5C35F8CF}.Release|Any CPU.Build.0 = Release|Any CPU
		{7A3FCBEE-290A-4A00-8EA9-4139FE818FF4}.Debug|Any CPU.ActiveCfg = Debug|Any CPU
		{7A3FCBEE-290A-4A00-8EA9-4139FE818FF4}.Debug|Any CPU.Build.0 = Debug|Any CPU
		{7A3FCBEE-290A-4A00-8EA9-4139FE818FF4}.Release|Any CPU.ActiveCfg = Release|Any CPU
		{7A3FCBEE-290A-4A00-8EA9-4139FE818FF4}.Release|Any CPU.Build.0 = Release|Any CPU
		{0E7B627E-100C-441D-8F6C-69E352731A78}.Debug|Any CPU.ActiveCfg = Debug|Any CPU
		{0E7B627E-100C-441D-8F6C-69E352731A78}.Debug|Any CPU.Build.0 = Debug|Any CPU
		{0E7B627E-100C-441D-8F6C-69E352731A78}.Release|Any CPU.ActiveCfg = Release|Any CPU
		{0E7B627E-100C-441D-8F6C-69E352731A78}.Release|Any CPU.Build.0 = Release|Any CPU
		{38B50CA9-2A87-43BB-9935-F6E07F1173CE}.Debug|Any CPU.ActiveCfg = Debug|Any CPU
		{38B50CA9-2A87-43BB-9935-F6E07F1173CE}.Debug|Any CPU.Build.0 = Debug|Any CPU
		{38B50CA9-2A87-43BB-9935-F6E07F1173CE}.Release|Any CPU.ActiveCfg = Release|Any CPU
		{38B50CA9-2A87-43BB-9935-F6E07F1173CE}.Release|Any CPU.Build.0 = Release|Any CPU
		{A76AA919-1846-48D7-A4A3-91FEE497A7EF}.Debug|Any CPU.ActiveCfg = Debug|Any CPU
		{A76AA919-1846-48D7-A4A3-91FEE497A7EF}.Debug|Any CPU.Build.0 = Debug|Any CPU
		{A76AA919-1846-48D7-A4A3-91FEE497A7EF}.Release|Any CPU.ActiveCfg = Release|Any CPU
		{A76AA919-1846-48D7-A4A3-91FEE497A7EF}.Release|Any CPU.Build.0 = Release|Any CPU
	EndGlobalSection
	GlobalSection(SolutionProperties) = preSolution
		HideSolutionNode = FALSE
	EndGlobalSection
	GlobalSection(ExtensibilityGlobals) = postSolution
		SolutionGuid = {DD28F861-C015-4B3E-A88E-8C00007C942E}
	EndGlobalSection
EndGlobal
